
Microsoft Visual Studio Solution File, Format Version 12.00
# Visual Studio 15
Project("{FAE04EC0-301F-11D3-BF4B-00C04F79EFBC}") = "ch1_hello_world", "ch1_hello_world\ch1_hello_world.csproj", "{14684F2F-00EC-4A17-B124-7FBF1F2A9F48}"
EndProject
Global
	GlobalSection(SolutionConfigurationPlatforms) = preSolution
		Debug|anycpu = Debug|anycpu
		Release|anycpu = Release|anycpu
	EndGlobalSection
	GlobalSection(ProjectConfigurationPlatforms) = postSolution
		{14684F2F-00EC-4A17-B124-7FBF1F2A9F48}.Debug|anycpu.ActiveCfg = Debug|anycpu
		{14684F2F-00EC-4A17-B124-7FBF1F2A9F48}.Debug|anycpu.Build.0 = Debug|anycpu
		{14684F2F-00EC-4A17-B124-7FBF1F2A9F48}.Release|anycpu.ActiveCfg = Release|anycpu
		{14684F2F-00EC-4A17-B124-7FBF1F2A9F48}.Release|anycpu.Build.0 = Release|anycpu
	EndGlobalSection
EndGlobal
